
Microsoft Visual Studio Solution File, Format Version 12.00
# Visual Studio 2013
VisualStudioVersion = 12.0.21005.1
MinimumVisualStudioVersion = 10.0.40219.1
Project("{FAE04EC0-301F-11D3-BF4B-00C04F79EFBC}") = "Kpo4281_Vasilov.Main", "Kpo4281_Vasilov.Main\Kpo4281_Vasilov.Main.csproj", "{A8EE3891-3643-4139-B41B-3295AD8E0D97}"
EndProject
Project("{FAE04EC0-301F-11D3-BF4B-00C04F79EFBC}") = "Kpo4281_Vasilov.Lib", "Kpo4281_Vasilov.Lib\Kpo4281_Vasilov.Lib.csproj", "{6C887E0D-4A03-467B-B6B7-757091146C7E}"
EndProject
Project("{FAE04EC0-301F-11D3-BF4B-00C04F79EFBC}") = "Kpo4281_VasilovUnitTest", "Kpo4281_VasilovUnitTest\Kpo4281_VasilovUnitTest.csproj", "{6CDB70A9-1AFB-465E-B489-272BCFAB4405}"
EndProject
Global
	GlobalSection(SolutionConfigurationPlatforms) = preSolution
		Debug|Any CPU = Debug|Any CPU
		Release|Any CPU = Release|Any CPU
	EndGlobalSection
	GlobalSection(ProjectConfigurationPlatforms) = postSolution
		{A8EE3891-3643-4139-B41B-3295AD8E0D97}.Debug|Any CPU.ActiveCfg = Debug|Any CPU
		{A8EE3891-3643-4139-B41B-3295AD8E0D97}.Debug|Any CPU.Build.0 = Debug|Any CPU
		{A8EE3891-3643-4139-B41B-3295AD8E0D97}.Release|Any CPU.ActiveCfg = Release|Any CPU
		{A8EE3891-3643-4139-B41B-3295AD8E0D97}.Release|Any CPU.Build.0 = Release|Any CPU
		{6C887E0D-4A03-467B-B6B7-757091146C7E}.Debug|Any CPU.ActiveCfg = Debug|Any CPU
		{6C887E0D-4A03-467B-B6B7-757091146C7E}.Debug|Any CPU.Build.0 = Debug|Any CPU
		{6C887E0D-4A03-467B-B6B7-757091146C7E}.Release|Any CPU.ActiveCfg = Release|Any CPU
		{6C887E0D-4A03-467B-B6B7-757091146C7E}.Release|Any CPU.Build.0 = Release|Any CPU
		{6CDB70A9-1AFB-465E-B489-272BCFAB4405}.Debug|Any CPU.ActiveCfg = Debug|Any CPU
		{6CDB70A9-1AFB-465E-B489-272BCFAB4405}.Debug|Any CPU.Build.0 = Debug|Any CPU
		{6CDB70A9-1AFB-465E-B489-272BCFAB4405}.Release|Any CPU.ActiveCfg = Release|Any CPU
		{6CDB70A9-1AFB-465E-B489-272BCFAB4405}.Release|Any CPU.Build.0 = Release|Any CPU
	EndGlobalSection
	GlobalSection(SolutionProperties) = preSolution
		HideSolutionNode = FALSE
	EndGlobalSection
EndGlobal
